// !$*UTF8*$!
{
	archiveVersion = 1;
	classes = {
	};
	objectVersion = 50;
	objects = {

/* Begin PBXBuildFile section */
		C7AE465151F2FBB1E04C84CE /* Pods_Finding.framework in Frameworks */ = {isa = PBXBuildFile; fileRef = ED5ED9DA658F13BC5B1D5BB7 /* Pods_Finding.framework */; };
		EE54BD4720D13DEB00680252 /* AppDelegate.swift in Sources */ = {isa = PBXBuildFile; fileRef = EE54BD4620D13DEB00680252 /* AppDelegate.swift */; };
		EE54BD4920D13DEB00680252 /* ViewController.swift in Sources */ = {isa = PBXBuildFile; fileRef = EE54BD4820D13DEB00680252 /* ViewController.swift */; };
		EE54BD4C20D13DEB00680252 /* Main.storyboard in Resources */ = {isa = PBXBuildFile; fileRef = EE54BD4A20D13DEB00680252 /* Main.storyboard */; };
		EE54BD4E20D13DEF00680252 /* Assets.xcassets in Resources */ = {isa = PBXBuildFile; fileRef = EE54BD4D20D13DEF00680252 /* Assets.xcassets */; };
		EE54BD5120D13DEF00680252 /* LaunchScreen.storyboard in Resources */ = {isa = PBXBuildFile; fileRef = EE54BD4F20D13DEF00680252 /* LaunchScreen.storyboard */; };
		EEC463772169458E003495CD /* GoogleService-Info.plist in Resources */ = {isa = PBXBuildFile; fileRef = EEC463762169458E003495CD /* GoogleService-Info.plist */; };
/* End PBXBuildFile section */

/* Begin PBXFileReference section */
		451B069FF156C4B668842377 /* Pods-Finding.release.xcconfig */ = {isa = PBXFileReference; includeInIndex = 1; lastKnownFileType = text.xcconfig; name = "Pods-Finding.release.xcconfig"; path = "Pods/Target Support Files/Pods-Finding/Pods-Finding.release.xcconfig"; sourceTree = "<group>"; };
		62B40BCD303464BA8BA33A8E /* Pods-Finding.debug.xcconfig */ = {isa = PBXFileReference; includeInIndex = 1; lastKnownFileType = text.xcconfig; name = "Pods-Finding.debug.xcconfig"; path = "Pods/Target Support Files/Pods-Finding/Pods-Finding.debug.xcconfig"; sourceTree = "<group>"; };
		ED5ED9DA658F13BC5B1D5BB7 /* Pods_Finding.framework */ = {isa = PBXFileReference; explicitFileType = wrapper.framework; includeInIndex = 0; path = Pods_Finding.framework; sourceTree = BUILT_PRODUCTS_DIR; };
		EE54BD4320D13DEB00680252 /* Finding.app */ = {isa = PBXFileReference; explicitFileType = wrapper.application; includeInIndex = 0; path = Finding.app; sourceTree = BUILT_PRODUCTS_DIR; };
		EE54BD4620D13DEB00680252 /* AppDelegate.swift */ = {isa = PBXFileReference; lastKnownFileType = sourcecode.swift; path = AppDelegate.swift; sourceTree = "<group>"; };
		EE54BD4820D13DEB00680252 /* ViewController.swift */ = {isa = PBXFileReference; lastKnownFileType = sourcecode.swift; path = ViewController.swift; sourceTree = "<group>"; };
		EE54BD4B20D13DEB00680252 /* Base */ = {isa = PBXFileReference; lastKnownFileType = file.storyboard; name = Base; path = Base.lproj/Main.storyboard; sourceTree = "<group>"; };
		EE54BD4D20D13DEF00680252 /* Assets.xcassets */ = {isa = PBXFileReference; lastKnownFileType = folder.assetcatalog; path = Assets.xcassets; sourceTree = "<group>"; };
		EE54BD5020D13DEF00680252 /* Base */ = {isa = PBXFileReference; lastKnownFileType = file.storyboard; name = Base; path = Base.lproj/LaunchScreen.storyboard; sourceTree = "<group>"; };
		EE54BD5220D13DEF00680252 /* Info.plist */ = {isa = PBXFileReference; lastKnownFileType = text.plist.xml; path = Info.plist; sourceTree = "<group>"; };
		EEC463762169458E003495CD /* GoogleService-Info.plist */ = {isa = PBXFileReference; fileEncoding = 4; lastKnownFileType = text.plist.xml; path = "GoogleService-Info.plist"; sourceTree = "<group>"; };
/* End PBXFileReference section */

/* Begin PBXFrameworksBuildPhase section */
		EE54BD4020D13DEB00680252 /* Frameworks */ = {
			isa = PBXFrameworksBuildPhase;
			buildActionMask = 2147483647;
			files = (
				C7AE465151F2FBB1E04C84CE /* Pods_Finding.framework in Frameworks */,
			);
			runOnlyForDeploymentPostprocessing = 0;
		};
/* End PBXFrameworksBuildPhase section */

/* Begin PBXGroup section */
		0D1E39FE0DBBF4C34C8AC0FD /* Frameworks */ = {
			isa = PBXGroup;
			children = (
				ED5ED9DA658F13BC5B1D5BB7 /* Pods_Finding.framework */,
			);
			name = Frameworks;
			sourceTree = "<group>";
		};
		85F82546984817035B6F155A /* Pods */ = {
			isa = PBXGroup;
			children = (
				62B40BCD303464BA8BA33A8E /* Pods-Finding.debug.xcconfig */,
				451B069FF156C4B668842377 /* Pods-Finding.release.xcconfig */,
			);
			name = Pods;
			sourceTree = "<group>";
		};
		EE54BD3A20D13DEB00680252 = {
			isa = PBXGroup;
			children = (
				EE54BD4520D13DEB00680252 /* Finding */,
				EE54BD4420D13DEB00680252 /* Products */,
				85F82546984817035B6F155A /* Pods */,
				0D1E39FE0DBBF4C34C8AC0FD /* Frameworks */,
			);
			sourceTree = "<group>";
		};
		EE54BD4420D13DEB00680252 /* Products */ = {
			isa = PBXGroup;
			children = (
				EE54BD4320D13DEB00680252 /* Finding.app */,
			);
			name = Products;
			sourceTree = "<group>";
		};
		EE54BD4520D13DEB00680252 /* Finding */ = {
			isa = PBXGroup;
			children = (
				EEC463762169458E003495CD /* GoogleService-Info.plist */,
				EE54BD4620D13DEB00680252 /* AppDelegate.swift */,
				EE54BD4820D13DEB00680252 /* ViewController.swift */,
				EE54BD4A20D13DEB00680252 /* Main.storyboard */,
				EE54BD4D20D13DEF00680252 /* Assets.xcassets */,
				EE54BD4F20D13DEF00680252 /* LaunchScreen.storyboard */,
				EE54BD5220D13DEF00680252 /* Info.plist */,
			);
			path = Finding;
			sourceTree = "<group>";
		};
/* End PBXGroup section */

/* Begin PBXNativeTarget section */
		EE54BD4220D13DEB00680252 /* Finding */ = {
			isa = PBXNativeTarget;
			buildConfigurationList = EE54BD5520D13DEF00680252 /* Build configuration list for PBXNativeTarget "Finding" */;
			buildPhases = (
				8F735DAC24F33334E909C153 /* [CP] Check Pods Manifest.lock */,
				EE54BD3F20D13DEB00680252 /* Sources */,
				EE54BD4020D13DEB00680252 /* Frameworks */,
				EE54BD4120D13DEB00680252 /* Resources */,
				A0408E70CEF1AAC00C0B174E /* [CP] Embed Pods Frameworks */,
				AC7EBCBFC3A9059D766E4100 /* [CP] Copy Pods Resources */,
			);
			buildRules = (
			);
			dependencies = (
			);
			name = Finding;
			productName = Finding;
			productReference = EE54BD4320D13DEB00680252 /* Finding.app */;
			productType = "com.apple.product-type.application";
		};
/* End PBXNativeTarget section */

/* Begin PBXProject section */
		EE54BD3B20D13DEB00680252 /* Project object */ = {
			isa = PBXProject;
			attributes = {
				LastSwiftUpdateCheck = 0930;
				LastUpgradeCheck = 0930;
				ORGANIZATIONNAME = "Dhanushikka Ravichandiran";
				TargetAttributes = {
					EE54BD4220D13DEB00680252 = {
						CreatedOnToolsVersion = 9.3.1;
					};
				};
			};
			buildConfigurationList = EE54BD3E20D13DEB00680252 /* Build configuration list for PBXProject "Finding" */;
			compatibilityVersion = "Xcode 9.3";
			developmentRegion = en;
			hasScannedForEncodings = 0;
			knownRegions = (
				en,
				Base,
			);
			mainGroup = EE54BD3A20D13DEB00680252;
			productRefGroup = EE54BD4420D13DEB00680252 /* Products */;
			projectDirPath = "";
			projectRoot = "";
			targets = (
				EE54BD4220D13DEB00680252 /* Finding */,
			);
		};
/* End PBXProject section */

/* Begin PBXResourcesBuildPhase section */
		EE54BD4120D13DEB00680252 /* Resources */ = {
			isa = PBXResourcesBuildPhase;
			buildActionMask = 2147483647;
			files = (
				EE54BD5120D13DEF00680252 /* LaunchScreen.storyboard in Resources */,
				EE54BD4E20D13DEF00680252 /* Assets.xcassets in Resources */,
				EEC463772169458E003495CD /* GoogleService-Info.plist in Resources */,
				EE54BD4C20D13DEB00680252 /* Main.storyboard in Resources */,
			);
			runOnlyForDeploymentPostprocessing = 0;
		};
/* End PBXResourcesBuildPhase section */

/* Begin PBXShellScriptBuildPhase section */
		8F735DAC24F33334E909C153 /* [CP] Check Pods Manifest.lock */ = {
			isa = PBXShellScriptBuildPhase;
			buildActionMask = 2147483647;
			files = (
			);
			inputPaths = (
				"${PODS_PODFILE_DIR_PATH}/Podfile.lock",
				"${PODS_ROOT}/Manifest.lock",
			);
			name = "[CP] Check Pods Manifest.lock";
			outputPaths = (
				"$(DERIVED_FILE_DIR)/Pods-Finding-checkManifestLockResult.txt",
			);
			runOnlyForDeploymentPostprocessing = 0;
			shellPath = /bin/sh;
			shellScript = "diff \"${PODS_PODFILE_DIR_PATH}/Podfile.lock\" \"${PODS_ROOT}/Manifest.lock\" > /dev/null\nif [ $? != 0 ] ; then\n    # print error to STDERR\n    echo \"error: The sandbox is not in sync with the Podfile.lock. Run 'pod install' or update your CocoaPods installation.\" >&2\n    exit 1\nfi\n# This output is used by Xcode 'outputs' to avoid re-running this script phase.\necho \"SUCCESS\" > \"${SCRIPT_OUTPUT_FILE_0}\"\n";
			showEnvVarsInLog = 0;
		};
		A0408E70CEF1AAC00C0B174E /* [CP] Embed Pods Frameworks */ = {
			isa = PBXShellScriptBuildPhase;
			buildActionMask = 2147483647;
			files = (
			);
			inputPaths = (
				"${SRCROOT}/Pods/Target Support Files/Pods-Finding/Pods-Finding-frameworks.sh",
				"${BUILT_PRODUCTS_DIR}/GTMSessionFetcher/GTMSessionFetcher.framework",
				"${BUILT_PRODUCTS_DIR}/GoogleAPIClientForREST/GoogleAPIClientForREST.framework",
				"${BUILT_PRODUCTS_DIR}/GoogleToolboxForMac/GoogleToolboxForMac.framework",
				"${BUILT_PRODUCTS_DIR}/GoogleUtilities/GoogleUtilities.framework",
				"${BUILT_PRODUCTS_DIR}/Protobuf/Protobuf.framework",
				"${BUILT_PRODUCTS_DIR}/nanopb/nanopb.framework",
			);
			name = "[CP] Embed Pods Frameworks";
			outputPaths = (
				"${TARGET_BUILD_DIR}/${FRAMEWORKS_FOLDER_PATH}/GTMSessionFetcher.framework",
				"${TARGET_BUILD_DIR}/${FRAMEWORKS_FOLDER_PATH}/GoogleAPIClientForREST.framework",
				"${TARGET_BUILD_DIR}/${FRAMEWORKS_FOLDER_PATH}/GoogleToolboxForMac.framework",
				"${TARGET_BUILD_DIR}/${FRAMEWORKS_FOLDER_PATH}/GoogleUtilities.framework",
				"${TARGET_BUILD_DIR}/${FRAMEWORKS_FOLDER_PATH}/Protobuf.framework",
				"${TARGET_BUILD_DIR}/${FRAMEWORKS_FOLDER_PATH}/nanopb.framework",
			);
			runOnlyForDeploymentPostprocessing = 0;
			shellPath = /bin/sh;
			shellScript = "\"${SRCROOT}/Pods/Target Support Files/Pods-Finding/Pods-Finding-frameworks.sh\"\n";
			showEnvVarsInLog = 0;
		};
		AC7EBCBFC3A9059D766E4100 /* [CP] Copy Pods Resources */ = {
			isa = PBXShellScriptBuildPhase;
			buildActionMask = 2147483647;
			files = (
			);
			inputPaths = (
				"${SRCROOT}/Pods/Target Support Files/Pods-Finding/Pods-Finding-resources.sh",
				"${PODS_CONFIGURATION_BUILD_DIR}/GoogleMobileVision/GoogleMVTextDetectorResources.bundle",
			);
			name = "[CP] Copy Pods Resources";
			outputPaths = (
				"${TARGET_BUILD_DIR}/${UNLOCALIZED_RESOURCES_FOLDER_PATH}/GoogleMVTextDetectorResources.bundle",
			);
			runOnlyForDeploymentPostprocessing = 0;
			shellPath = /bin/sh;
			shellScript = "\"${SRCROOT}/Pods/Target Support Files/Pods-Finding/Pods-Finding-resources.sh\"\n";
			showEnvVarsInLog = 0;
		};
/* End PBXShellScriptBuildPhase section */

/* Begin PBXSourcesBuildPhase section */
		EE54BD3F20D13DEB00680252 /* Sources */ = {
			isa = PBXSourcesBuildPhase;
			buildActionMask = 2147483647;
			files = (
				EE54BD4920D13DEB00680252 /* ViewController.swift in Sources */,
				EE54BD4720D13DEB00680252 /* AppDelegate.swift in Sources */,
			);
			runOnlyForDeploymentPostprocessing = 0;
		};
/* End PBXSourcesBuildPhase section */

/* Begin PBXVariantGroup section */
		EE54BD4A20D13DEB00680252 /* Main.storyboard */ = {
			isa = PBXVariantGroup;
			children = (
				EE54BD4B20D13DEB00680252 /* Base */,
			);
			name = Main.storyboard;
			sourceTree = "<group>";
		};
		EE54BD4F20D13DEF00680252 /* LaunchScreen.storyboard */ = {
			isa = PBXVariantGroup;
			children = (
				EE54BD5020D13DEF00680252 /* Base */,
			);
			name = LaunchScreen.storyboard;
			sourceTree = "<group>";
		};
/* End PBXVariantGroup section */

/* Begin XCBuildConfiguration section */
		EE54BD5320D13DEF00680252 /* Debug */ = {
			isa = XCBuildConfiguration;
			buildSettings = {
				ALWAYS_SEARCH_USER_PATHS = NO;
				CLANG_ANALYZER_NONNULL = YES;
				CLANG_ANALYZER_NUMBER_OBJECT_CONVERSION = YES_AGGRESSIVE;
				CLANG_CXX_LANGUAGE_STANDARD = "gnu++14";
				CLANG_CXX_LIBRARY = "libc++";
				CLANG_ENABLE_MODULES = YES;
				CLANG_ENABLE_OBJC_ARC = YES;
				CLANG_ENABLE_OBJC_WEAK = YES;
				CLANG_WARN_BLOCK_CAPTURE_AUTORELEASING = YES;
				CLANG_WARN_BOOL_CONVERSION = YES;
				CLANG_WARN_COMMA = YES;
				CLANG_WARN_CONSTANT_CONVERSION = YES;
				CLANG_WARN_DEPRECATED_OBJC_IMPLEMENTATIONS = YES;
				CLANG_WARN_DIRECT_OBJC_ISA_USAGE = YES_ERROR;
				CLANG_WARN_DOCUMENTATION_COMMENTS = YES;
				CLANG_WARN_EMPTY_BODY = YES;
				CLANG_WARN_ENUM_CONVERSION = YES;
				CLANG_WARN_INFINITE_RECURSION = YES;
				CLANG_WARN_INT_CONVERSION = YES;
				CLANG_WARN_NON_LITERAL_NULL_CONVERSION = YES;
				CLANG_WARN_OBJC_IMPLICIT_RETAIN_SELF = YES;
				CLANG_WARN_OBJC_LITERAL_CONVERSION = YES;
				CLANG_WARN_OBJC_ROOT_CLASS = YES_ERROR;
				CLANG_WARN_RANGE_LOOP_ANALYSIS = YES;
				CLANG_WARN_STRICT_PROTOTYPES = YES;
				CLANG_WARN_SUSPICIOUS_MOVE = YES;
				CLANG_WARN_UNGUARDED_AVAILABILITY = YES_AGGRESSIVE;
				CLANG_WARN_UNREACHABLE_CODE = YES;
				CLANG_WARN__DUPLICATE_METHOD_MATCH = YES;
				CODE_SIGN_IDENTITY = "iPhone Developer";
				COPY_PHASE_STRIP = NO;
				DEBUG_INFORMATION_FORMAT = dwarf;
				ENABLE_STRICT_OBJC_MSGSEND = YES;
				ENABLE_TESTABILITY = YES;
				GCC_C_LANGUAGE_STANDARD = gnu11;
				GCC_DYNAMIC_NO_PIC = NO;
				GCC_NO_COMMON_BLOCKS = YES;
				GCC_OPTIMIZATION_LEVEL = 0;
				GCC_PREPROCESSOR_DEFINITIONS = (
					"DEBUG=1",
					"$(inherited)",
				);
				GCC_WARN_64_TO_32_BIT_CONVERSION = YES;
				GCC_WARN_ABOUT_RETURN_TYPE = YES_ERROR;
				GCC_WARN_UNDECLARED_SELECTOR = YES;
				GCC_WARN_UNINITIALIZED_AUTOS = YES_AGGRESSIVE;
				GCC_WARN_UNUSED_FUNCTION = YES;
				GCC_WARN_UNUSED_VARIABLE = YES;
				IPHONEOS_DEPLOYMENT_TARGET = 11.3;
				MTL_ENABLE_DEBUG_INFO = YES;
				ONLY_ACTIVE_ARCH = YES;
				SDKROOT = iphoneos;
				SWIFT_ACTIVE_COMPILATION_CONDITIONS = DEBUG;
				SWIFT_OPTIMIZATION_LEVEL = "-Onone";
			};
			name = Debug;
		};
		EE54BD5420D13DEF00680252 /* Release */ = {
			isa = XCBuildConfiguration;
			buildSettings = {
				ALWAYS_SEARCH_USER_PATHS = NO;
				CLANG_ANALYZER_NONNULL = YES;
				CLANG_ANALYZER_NUMBER_OBJECT_CONVERSION = YES_AGGRESSIVE;
				CLANG_CXX_LANGUAGE_STANDARD = "gnu++14";
				CLANG_CXX_LIBRARY = "libc++";
				CLANG_ENABLE_MODULES = YES;
				CLANG_ENABLE_OBJC_ARC = YES;
				CLANG_ENABLE_OBJC_WEAK = YES;
				CLANG_WARN_BLOCK_CAPTURE_AUTORELEASING = YES;
				CLANG_WARN_BOOL_CONVERSION = YES;
				CLANG_WARN_COMMA = YES;
				CLANG_WARN_CONSTANT_CONVERSION = YES;
				CLANG_WARN_DEPRECATED_OBJC_IMPLEMENTATIONS = YES;
				CLANG_WARN_DIRECT_OBJC_ISA_USAGE = YES_ERROR;
				CLANG_WARN_DOCUMENTATION_COMMENTS = YES;
				CLANG_WARN_EMPTY_BODY = YES;
				CLANG_WARN_ENUM_CONVERSION = YES;
				CLANG_WARN_INFINITE_RECURSION = YES;
				CLANG_WARN_INT_CONVERSION = YES;
				CLANG_WARN_NON_LITERAL_NULL_CONVERSION = YES;
				CLANG_WARN_OBJC_IMPLICIT_RETAIN_SELF = YES;
				CLANG_WARN_OBJC_LITERAL_CONVERSION = YES;
				CLANG_WARN_OBJC_ROOT_CLASS = YES_ERROR;
				CLANG_WARN_RANGE_LOOP_ANALYSIS = YES;
				CLANG_WARN_STRICT_PROTOTYPES = YES;
				CLANG_WARN_SUSPICIOUS_MOVE = YES;
				CLANG_WARN_UNGUARDED_AVAILABILITY = YES_AGGRESSIVE;
				CLANG_WARN_UNREACHABLE_CODE = YES;
				CLANG_WARN__DUPLICATE_METHOD_MATCH = YES;
				CODE_SIGN_IDENTITY = "iPhone Developer";
				COPY_PHASE_STRIP = NO;
				DEBUG_INFORMATION_FORMAT = "dwarf-with-dsym";
				ENABLE_NS_ASSERTIONS = NO;
				ENABLE_STRICT_OBJC_MSGSEND = YES;
				GCC_C_LANGUAGE_STANDARD = gnu11;
				GCC_NO_COMMON_BLOCKS = YES;
				GCC_WARN_64_TO_32_BIT_CONVERSION = YES;
				GCC_WARN_ABOUT_RETURN_TYPE = YES_ERROR;
				GCC_WARN_UNDECLARED_SELECTOR = YES;
				GCC_WARN_UNINITIALIZED_AUTOS = YES_AGGRESSIVE;
				GCC_WARN_UNUSED_FUNCTION = YES;
				GCC_WARN_UNUSED_VARIABLE = YES;
				IPHONEOS_DEPLOYMENT_TARGET = 11.3;
				MTL_ENABLE_DEBUG_INFO = NO;
				SDKROOT = iphoneos;
				SWIFT_COMPILATION_MODE = wholemodule;
				SWIFT_OPTIMIZATION_LEVEL = "-O";
				VALIDATE_PRODUCT = YES;
			};
			name = Release;
		};
		EE54BD5620D13DEF00680252 /* Debug */ = {
			isa = XCBuildConfiguration;
			baseConfigurationReference = 62B40BCD303464BA8BA33A8E /* Pods-Finding.debug.xcconfig */;
			buildSettings = {
				ASSETCATALOG_COMPILER_APPICON_NAME = AppIcon;
				CODE_SIGN_STYLE = Automatic;
				DEVELOPMENT_TEAM = 8G3M9NULR6;
				INFOPLIST_FILE = Finding/Info.plist;
				LD_RUNPATH_SEARCH_PATHS = (
					"$(inherited)",
					"@executable_path/Frameworks",
				);
				PRODUCT_BUNDLE_IDENTIFIER = edu.DhanushikkaRavichandiran.Finding;
				PRODUCT_NAME = "$(TARGET_NAME)";
				SWIFT_VERSION = 4.0;
				TARGETED_DEVICE_FAMILY = "1,2";
			};
			name = Debug;
		};
		EE54BD5720D13DEF00680252 /* Release */ = {
			isa = XCBuildConfiguration;
			baseConfigurationReference = 451B069FF156C4B668842377 /* Pods-Finding.release.xcconfig */;
			buildSettings = {
				ASSETCATALOG_COMPILER_APPICON_NAME = AppIcon;
				CODE_SIGN_STYLE = Automatic;
				DEVELOPMENT_TEAM = 8G3M9NULR6;
				INFOPLIST_FILE = Finding/Info.plist;
				LD_RUNPATH_SEARCH_PATHS = (
					"$(inherited)",
					"@executable_path/Frameworks",
				);
				PRODUCT_BUNDLE_IDENTIFIER = edu.DhanushikkaRavichandiran.Finding;
				PRODUCT_NAME = "$(TARGET_NAME)";
				SWIFT_VERSION = 4.0;
				TARGETED_DEVICE_FAMILY = "1,2";
			};
			name = Release;
		};
/* End XCBuildConfiguration section */

/* Begin XCConfigurationList section */
		EE54BD3E20D13DEB00680252 /* Build configuration list for PBXProject "Finding" */ = {
			isa = XCConfigurationList;
			buildConfigurations = (
				EE54BD5320D13DEF00680252 /* Debug */,
				EE54BD5420D13DEF00680252 /* Release */,
			);
			defaultConfigurationIsVisible = 0;
			defaultConfigurationName = Release;
		};
		EE54BD5520D13DEF00680252 /* Build configuration list for PBXNativeTarget "Finding" */ = {
			isa = XCConfigurationList;
			buildConfigurations = (
				EE54BD5620D13DEF00680252 /* Debug */,
				EE54BD5720D13DEF00680252 /* Release */,
			);
			defaultConfigurationIsVisible = 0;
			defaultConfigurationName = Release;
		};
/* End XCConfigurationList section */
	};
	rootObject = EE54BD3B20D13DEB00680252 /* Project object */;
}
